
Microsoft Visual Studio Solution File, Format Version 12.00
# Visual Studio Version 16
VisualStudioVersion = 16.0.32413.119
MinimumVisualStudioVersion = 10.0.40219.1
Project("{FAE04EC0-301F-11D3-BF4B-00C04F79EFBC}") = "APIClientes", "APIClientes.csproj", "{99211ABE-697C-4612-A3D4-9FCE7495063D}"
EndProject
Global
	GlobalSection(SolutionConfigurationPlatforms) = preSolution
		Debug|Any CPU = Debug|Any CPU
		Release|Any CPU = Release|Any CPU
	EndGlobalSection
	GlobalSection(ProjectConfigurationPlatforms) = postSolution
		{99211ABE-697C-4612-A3D4-9FCE7495063D}.Debug|Any CPU.ActiveCfg = Debug|Any CPU
		{99211ABE-697C-4612-A3D4-9FCE7495063D}.Debug|Any CPU.Build.0 = Debug|Any CPU
		{99211ABE-697C-4612-A3D4-9FCE7495063D}.Release|Any CPU.ActiveCfg = Release|Any CPU
		{99211ABE-697C-4612-A3D4-9FCE7495063D}.Release|Any CPU.Build.0 = Release|Any CPU
	EndGlobalSection
	GlobalSection(SolutionProperties) = preSolution
		HideSolutionNode = FALSE
	EndGlobalSection
	GlobalSection(ExtensibilityGlobals) = postSolution
		SolutionGuid = {B5D52E75-7179-4D3F-A0D4-E29AD9438ABF}
	EndGlobalSection
EndGlobal
